
Microsoft Visual Studio Solution File, Format Version 12.00
# Visual Studio Version 17
VisualStudioVersion = 17.7.34302.85
MinimumVisualStudioVersion = 10.0.40219.1
Project("{FAE04EC0-301F-11D3-BF4B-00C04F79EFBC}") = "DotNet8Examples", "DotNet8Examples\DotNet8Examples.csproj", "{259F9F12-B3C3-4233-8B47-5EB4051E85B1}"
EndProject
Global
	GlobalSection(SolutionConfigurationPlatforms) = preSolution
		Debug|Any CPU = Debug|Any CPU
		Release|Any CPU = Release|Any CPU
	EndGlobalSection
	GlobalSection(ProjectConfigurationPlatforms) = postSolution
		{259F9F12-B3C3-4233-8B47-5EB4051E85B1}.Debug|Any CPU.ActiveCfg = Debug|Any CPU
		{259F9F12-B3C3-4233-8B47-5EB4051E85B1}.Debug|Any CPU.Build.0 = Debug|Any CPU
		{259F9F12-B3C3-4233-8B47-5EB4051E85B1}.Release|Any CPU.ActiveCfg = Release|Any CPU
		{259F9F12-B3C3-4233-8B47-5EB4051E85B1}.Release|Any CPU.Build.0 = Release|Any CPU
	EndGlobalSection
	GlobalSection(SolutionProperties) = preSolution
		HideSolutionNode = FALSE
	EndGlobalSection
	GlobalSection(ExtensibilityGlobals) = postSolution
		SolutionGuid = {3AE48522-D4B1-459F-A516-D7BC7D20A4DD}
	EndGlobalSection
EndGlobal
